<?xml version="1.0" encoding="utf-8"?>
<Project ToolsVersion="4.0" xmlns="http://schemas.microsoft.com/developer/msbuild/2003">
  <ItemGroup>
    <Filter Include="Source Files">
      <UniqueIdentifier>{4FC737F1-C7A5-4376-A066-2A32D752A2FF}</UniqueIdentifier>
      <Extensions>cpp;c;cc;cxx;c++;cppm;ixx;def;odl;idl;hpj;bat;asm;asmx</Extensions>
    </Filter>
    <Filter Include="Header Files">
      <UniqueIdentifier>{93995380-89BD-4b04-88EB-625FBE52EBFB}</UniqueIdentifier>
      <Extensions>h;hh;hpp;hxx;h++;hm;inl;inc;ipp;xsd</Extensions>
    </Filter>
    <Filter Include="Resource Files">
      <UniqueIdentifier>{67DA6AB6-F800-4c08-8B7A-83BB121AAD01}</UniqueIdentifier>
      <Extensions>rc;ico;cur;bmp;dlg;rc2;rct;bin;rgs;gif;jpg;jpeg;jpe;resx;tiff;tif;png;wav;mfcribbon-ms</Extensions>
    </Filter>
  </ItemGroup>
  <ItemGroup>
    <ClCompile Include="Interpreter_Pattern.cpp">
      <Filter>Source Files</Filter>
    </ClCompile>
    <ClCompile Include="Expr.cpp">
      <Filter>Source Files</Filter>
    </ClCompile>
    <ClCompile Include="Interpreter.cpp">
      <Filter>Source Files</Filter>
    </ClCompile>
    <ClCompile Include="Interpreter_Impl.cpp">
      <Filter>Source Files</Filter>
    </ClCompile>
    <ClCompile Include="Expression_Tree.cpp">
      <Filter>Source Files</Filter>
    </ClCompile>
    <ClCompile Include="Component_Node.cpp">
      <Filter>Source Files</Filter>
    </ClCompile>
    <ClCompile Include="Visitor.cpp">
      <Filter>Source Files</Filter>
    </ClCompile>
    <ClCompile Include="Iterator.cpp">
      <Filter>Source Files</Filter>
    </ClCompile>
    <ClCompile Include="Iterator_Impl.cpp">
      <Filter>Source Files</Filter>
    </ClCompile>
    <ClCompile Include="Refcounter.cpp">
      <Filter>Source Files</Filter>
    </ClCompile>
    <ClCompile Include="Leaf_Node.cpp">
      <Filter>Source Files</Filter>
    </ClCompile>
    <ClCompile Include="Composite_Negate_Node.cpp">
      <Filter>Source Files</Filter>
    </ClCompile>
    <ClCompile Include="Composite_Unary_Node.cpp">
      <Filter>Source Files</Filter>
    </ClCompile>
    <ClCompile Include="Composite_Add_Node.cpp">
      <Filter>Source Files</Filter>
    </ClCompile>
    <ClCompile Include="Composite_Subtract_Node.cpp">
      <Filter>Source Files</Filter>
    </ClCompile>
    <ClCompile Include="Composite_Divide_Node.cpp">
      <Filter>Source Files</Filter>
    </ClCompile>
    <ClCompile Include="Composite_Multiply_Node.cpp">
      <Filter>Source Files</Filter>
    </ClCompile>
    <ClCompile Include="Composite_Binary_Node.cpp">
      <Filter>Source Files</Filter>
    </ClCompile>
  </ItemGroup>
  <ItemGroup>
    <ClInclude Include="Expr.h">
      <Filter>Header Files</Filter>
    </ClInclude>
    <ClInclude Include="Interpreter.h">
      <Filter>Header Files</Filter>
    </ClInclude>
    <ClInclude Include="Interpreter_Impl.h">
      <Filter>Header Files</Filter>
    </ClInclude>
    <ClInclude Include="Expression_Tree.h">
      <Filter>Header Files</Filter>
    </ClInclude>
    <ClInclude Include="Component_Node.h">
      <Filter>Header Files</Filter>
    </ClInclude>
    <ClInclude Include="Visitor.h">
      <Filter>Header Files</Filter>
    </ClInclude>
    <ClInclude Include="Iterator.h">
      <Filter>Header Files</Filter>
    </ClInclude>
    <ClInclude Include="Iterator_Impl.h">
      <Filter>Header Files</Filter>
    </ClInclude>
    <ClInclude Include="Refcounter.h">
      <Filter>Header Files</Filter>
    </ClInclude>
    <ClInclude Include="Leaf_Node.h">
      <Filter>Header Files</Filter>
    </ClInclude>
    <ClInclude Include="Composite_Negate_Node.h">
      <Filter>Header Files</Filter>
    </ClInclude>
    <ClInclude Include="Composite_Unary_Node.h">
      <Filter>Header Files</Filter>
    </ClInclude>
    <ClInclude Include="Composite_Add_Node.h">
      <Filter>Header Files</Filter>
    </ClInclude>
    <ClInclude Include="Composite_Subtract_Node.h">
      <Filter>Header Files</Filter>
    </ClInclude>
    <ClInclude Include="Composite_Divide_Node.h">
      <Filter>Header Files</Filter>
    </ClInclude>
    <ClInclude Include="Composite_Multiply_Node.h">
      <Filter>Header Files</Filter>
    </ClInclude>
    <ClInclude Include="Composite_Binary_Node.h">
      <Filter>Header Files</Filter>
    </ClInclude>
  </ItemGroup>
</Project>