
Microsoft Visual Studio Solution File, Format Version 12.00
# Visual Studio Version 17
VisualStudioVersion = 17.8.34525.116
MinimumVisualStudioVersion = 10.0.40219.1
Project("{8BC9CEB8-8B4A-11D0-8D11-00A0C91BC942}") = "CustomIterator_CustomVector", "CustomIterator_CustomVector\CustomIterator_CustomVector.vcxproj", "{46088F82-0407-435F-B1B1-023B0CDD9127}"
EndProject
Global
	GlobalSection(SolutionConfigurationPlatforms) = preSolution
		Debug|x64 = Debug|x64
		Debug|x86 = Debug|x86
		Release|x64 = Release|x64
		Release|x86 = Release|x86
	EndGlobalSection
	GlobalSection(ProjectConfigurationPlatforms) = postSolution
		{46088F82-0407-435F-B1B1-023B0CDD9127}.Debug|x64.ActiveCfg = Debug|x64
		{46088F82-0407-435F-B1B1-023B0CDD9127}.Debug|x64.Build.0 = Debug|x64
		{46088F82-0407-435F-B1B1-023B0CDD9127}.Debug|x86.ActiveCfg = Debug|Win32
		{46088F82-0407-435F-B1B1-023B0CDD9127}.Debug|x86.Build.0 = Debug|Win32
		{46088F82-0407-435F-B1B1-023B0CDD9127}.Release|x64.ActiveCfg = Release|x64
		{46088F82-0407-435F-B1B1-023B0CDD9127}.Release|x64.Build.0 = Release|x64
		{46088F82-0407-435F-B1B1-023B0CDD9127}.Release|x86.ActiveCfg = Release|Win32
		{46088F82-0407-435F-B1B1-023B0CDD9127}.Release|x86.Build.0 = Release|Win32
	EndGlobalSection
	GlobalSection(SolutionProperties) = preSolution
		HideSolutionNode = FALSE
	EndGlobalSection
	GlobalSection(ExtensibilityGlobals) = postSolution
		SolutionGuid = {58C50353-E675-4CBF-8F83-D4597C5938D6}
	EndGlobalSection
EndGlobal
