
Microsoft Visual Studio Solution File, Format Version 12.00
# Visual Studio Version 17
VisualStudioVersion = 17.7.34221.43
MinimumVisualStudioVersion = 10.0.40219.1
Project("{8BC9CEB8-8B4A-11D0-8D11-00A0C91BC942}") = "Stack", "Stack.vcxproj", "{7882A1B0-D97F-453C-81B8-C3FCF0D177DC}"
EndProject
Global
	GlobalSection(SolutionConfigurationPlatforms) = preSolution
		Debug|x64 = Debug|x64
		Debug|x86 = Debug|x86
		Release|x64 = Release|x64
		Release|x86 = Release|x86
	EndGlobalSection
	GlobalSection(ProjectConfigurationPlatforms) = postSolution
		{7882A1B0-D97F-453C-81B8-C3FCF0D177DC}.Debug|x64.ActiveCfg = Debug|x64
		{7882A1B0-D97F-453C-81B8-C3FCF0D177DC}.Debug|x64.Build.0 = Debug|x64
		{7882A1B0-D97F-453C-81B8-C3FCF0D177DC}.Debug|x86.ActiveCfg = Debug|Win32
		{7882A1B0-D97F-453C-81B8-C3FCF0D177DC}.Debug|x86.Build.0 = Debug|Win32
		{7882A1B0-D97F-453C-81B8-C3FCF0D177DC}.Release|x64.ActiveCfg = Release|x64
		{7882A1B0-D97F-453C-81B8-C3FCF0D177DC}.Release|x64.Build.0 = Release|x64
		{7882A1B0-D97F-453C-81B8-C3FCF0D177DC}.Release|x86.ActiveCfg = Release|Win32
		{7882A1B0-D97F-453C-81B8-C3FCF0D177DC}.Release|x86.Build.0 = Release|Win32
	EndGlobalSection
	GlobalSection(SolutionProperties) = preSolution
		HideSolutionNode = FALSE
	EndGlobalSection
	GlobalSection(ExtensibilityGlobals) = postSolution
		SolutionGuid = {2CA4C022-C14D-4A9D-BA09-60CA09A3ADB5}
	EndGlobalSection
EndGlobal
