
Microsoft Visual Studio Solution File, Format Version 12.00
# Visual Studio 2015
Project("{FAE04EC0-301F-11D3-BF4B-00C04F79EFBC}") = "Project_Cowabunga.CSharp.Plugins", "Project_Cowabunga.CSharp.Plugins.csproj", "{53F60076-CE96-EB14-CA22-1E745CCFD8D7}"
EndProject
Project("{FAE04EC0-301F-11D3-BF4B-00C04F79EFBC}") = "Project_Cowabunga.CSharp", "Project_Cowabunga.CSharp.csproj", "{264262B4-6DF9-0B7F-901C-A4AC8F9CB800}"
EndProject
Project("{FAE04EC0-301F-11D3-BF4B-00C04F79EFBC}") = "Project_Cowabunga.CSharp.Editor", "Project_Cowabunga.CSharp.Editor.csproj", "{98D66F10-F123-0680-F0B7-355542A4C815}"
EndProject
Global
	GlobalSection(SolutionConfigurationPlatforms) = preSolution
		Debug|Any CPU = Debug|Any CPU
		Release|Any CPU = Release|Any CPU
	EndGlobalSection
	GlobalSection(ProjectConfigurationPlatforms) = postSolution
		{53F60076-CE96-EB14-CA22-1E745CCFD8D7}.Debug|Any CPU.ActiveCfg = Debug|Any CPU
		{53F60076-CE96-EB14-CA22-1E745CCFD8D7}.Debug|Any CPU.Build.0 = Debug|Any CPU
		{53F60076-CE96-EB14-CA22-1E745CCFD8D7}.Release|Any CPU.ActiveCfg = Release|Any CPU
		{53F60076-CE96-EB14-CA22-1E745CCFD8D7}.Release|Any CPU.Build.0 = Release|Any CPU
		{264262B4-6DF9-0B7F-901C-A4AC8F9CB800}.Debug|Any CPU.ActiveCfg = Debug|Any CPU
		{264262B4-6DF9-0B7F-901C-A4AC8F9CB800}.Debug|Any CPU.Build.0 = Debug|Any CPU
		{264262B4-6DF9-0B7F-901C-A4AC8F9CB800}.Release|Any CPU.ActiveCfg = Release|Any CPU
		{264262B4-6DF9-0B7F-901C-A4AC8F9CB800}.Release|Any CPU.Build.0 = Release|Any CPU
		{98D66F10-F123-0680-F0B7-355542A4C815}.Debug|Any CPU.ActiveCfg = Debug|Any CPU
		{98D66F10-F123-0680-F0B7-355542A4C815}.Debug|Any CPU.Build.0 = Debug|Any CPU
		{98D66F10-F123-0680-F0B7-355542A4C815}.Release|Any CPU.ActiveCfg = Release|Any CPU
		{98D66F10-F123-0680-F0B7-355542A4C815}.Release|Any CPU.Build.0 = Release|Any CPU
	EndGlobalSection
	GlobalSection(SolutionProperties) = preSolution
		HideSolutionNode = FALSE
	EndGlobalSection
EndGlobal
