
Microsoft Visual Studio Solution File, Format Version 12.00
# Visual Studio Version 17
VisualStudioVersion = 17.7.34221.43
MinimumVisualStudioVersion = 10.0.40219.1
Project("{8BC9CEB8-8B4A-11D0-8D11-00A0C91BC942}") = "AVL_Tree", "AVL_Tree.vcxproj", "{04F6C632-0380-4672-A8C7-8D5AE6BBBEA9}"
EndProject
Global
	GlobalSection(SolutionConfigurationPlatforms) = preSolution
		Debug|x64 = Debug|x64
		Debug|x86 = Debug|x86
		Release|x64 = Release|x64
		Release|x86 = Release|x86
	EndGlobalSection
	GlobalSection(ProjectConfigurationPlatforms) = postSolution
		{04F6C632-0380-4672-A8C7-8D5AE6BBBEA9}.Debug|x64.ActiveCfg = Debug|x64
		{04F6C632-0380-4672-A8C7-8D5AE6BBBEA9}.Debug|x64.Build.0 = Debug|x64
		{04F6C632-0380-4672-A8C7-8D5AE6BBBEA9}.Debug|x86.ActiveCfg = Debug|Win32
		{04F6C632-0380-4672-A8C7-8D5AE6BBBEA9}.Debug|x86.Build.0 = Debug|Win32
		{04F6C632-0380-4672-A8C7-8D5AE6BBBEA9}.Release|x64.ActiveCfg = Release|x64
		{04F6C632-0380-4672-A8C7-8D5AE6BBBEA9}.Release|x64.Build.0 = Release|x64
		{04F6C632-0380-4672-A8C7-8D5AE6BBBEA9}.Release|x86.ActiveCfg = Release|Win32
		{04F6C632-0380-4672-A8C7-8D5AE6BBBEA9}.Release|x86.Build.0 = Release|Win32
	EndGlobalSection
	GlobalSection(SolutionProperties) = preSolution
		HideSolutionNode = FALSE
	EndGlobalSection
	GlobalSection(ExtensibilityGlobals) = postSolution
		SolutionGuid = {54C02F90-B2AE-448E-8C2D-BB62D616DD42}
	EndGlobalSection
EndGlobal
