
Microsoft Visual Studio Solution File, Format Version 12.00
# Visual Studio Version 17
VisualStudioVersion = 17.7.34221.43
MinimumVisualStudioVersion = 10.0.40219.1
Project("{8BC9CEB8-8B4A-11D0-8D11-00A0C91BC942}") = "Unordered_multiset", "Unordered_multiset.vcxproj", "{1F995778-AF63-4598-ADAE-ACB878CD9E3F}"
EndProject
Global
	GlobalSection(SolutionConfigurationPlatforms) = preSolution
		Debug|x64 = Debug|x64
		Debug|x86 = Debug|x86
		Release|x64 = Release|x64
		Release|x86 = Release|x86
	EndGlobalSection
	GlobalSection(ProjectConfigurationPlatforms) = postSolution
		{1F995778-AF63-4598-ADAE-ACB878CD9E3F}.Debug|x64.ActiveCfg = Debug|x64
		{1F995778-AF63-4598-ADAE-ACB878CD9E3F}.Debug|x64.Build.0 = Debug|x64
		{1F995778-AF63-4598-ADAE-ACB878CD9E3F}.Debug|x86.ActiveCfg = Debug|Win32
		{1F995778-AF63-4598-ADAE-ACB878CD9E3F}.Debug|x86.Build.0 = Debug|Win32
		{1F995778-AF63-4598-ADAE-ACB878CD9E3F}.Release|x64.ActiveCfg = Release|x64
		{1F995778-AF63-4598-ADAE-ACB878CD9E3F}.Release|x64.Build.0 = Release|x64
		{1F995778-AF63-4598-ADAE-ACB878CD9E3F}.Release|x86.ActiveCfg = Release|Win32
		{1F995778-AF63-4598-ADAE-ACB878CD9E3F}.Release|x86.Build.0 = Release|Win32
	EndGlobalSection
	GlobalSection(SolutionProperties) = preSolution
		HideSolutionNode = FALSE
	EndGlobalSection
	GlobalSection(ExtensibilityGlobals) = postSolution
		SolutionGuid = {F582B82E-0471-407B-B137-11D4B36526AD}
	EndGlobalSection
EndGlobal
