
Microsoft Visual Studio Solution File, Format Version 12.00
# Visual Studio Version 17
VisualStudioVersion = 17.7.34221.43
MinimumVisualStudioVersion = 10.0.40219.1
Project("{8BC9CEB8-8B4A-11D0-8D11-00A0C91BC942}") = "STL-Algorithms", "STL-Algorithms.vcxproj", "{7C2EF126-2A4F-4FA6-AA00-CD79D362576E}"
EndProject
Global
	GlobalSection(SolutionConfigurationPlatforms) = preSolution
		Debug|x64 = Debug|x64
		Debug|x86 = Debug|x86
		Release|x64 = Release|x64
		Release|x86 = Release|x86
	EndGlobalSection
	GlobalSection(ProjectConfigurationPlatforms) = postSolution
		{7C2EF126-2A4F-4FA6-AA00-CD79D362576E}.Debug|x64.ActiveCfg = Debug|x64
		{7C2EF126-2A4F-4FA6-AA00-CD79D362576E}.Debug|x64.Build.0 = Debug|x64
		{7C2EF126-2A4F-4FA6-AA00-CD79D362576E}.Debug|x86.ActiveCfg = Debug|Win32
		{7C2EF126-2A4F-4FA6-AA00-CD79D362576E}.Debug|x86.Build.0 = Debug|Win32
		{7C2EF126-2A4F-4FA6-AA00-CD79D362576E}.Release|x64.ActiveCfg = Release|x64
		{7C2EF126-2A4F-4FA6-AA00-CD79D362576E}.Release|x64.Build.0 = Release|x64
		{7C2EF126-2A4F-4FA6-AA00-CD79D362576E}.Release|x86.ActiveCfg = Release|Win32
		{7C2EF126-2A4F-4FA6-AA00-CD79D362576E}.Release|x86.Build.0 = Release|Win32
	EndGlobalSection
	GlobalSection(SolutionProperties) = preSolution
		HideSolutionNode = FALSE
	EndGlobalSection
	GlobalSection(ExtensibilityGlobals) = postSolution
		SolutionGuid = {F11A6C48-EC51-4F01-9BAC-9B2FAB365DA2}
	EndGlobalSection
EndGlobal
