
Microsoft Visual Studio Solution File, Format Version 12.00
# Visual Studio Version 17
VisualStudioVersion = 17.8.34525.116
MinimumVisualStudioVersion = 10.0.40219.1
Project("{8BC9CEB8-8B4A-11D0-8D11-00A0C91BC942}") = "Tries", "Tries\Tries.vcxproj", "{FE31061D-1865-404A-A1D1-CCD6F4561D28}"
EndProject
Global
	GlobalSection(SolutionConfigurationPlatforms) = preSolution
		Debug|x64 = Debug|x64
		Debug|x86 = Debug|x86
		Release|x64 = Release|x64
		Release|x86 = Release|x86
	EndGlobalSection
	GlobalSection(ProjectConfigurationPlatforms) = postSolution
		{FE31061D-1865-404A-A1D1-CCD6F4561D28}.Debug|x64.ActiveCfg = Debug|x64
		{FE31061D-1865-404A-A1D1-CCD6F4561D28}.Debug|x64.Build.0 = Debug|x64
		{FE31061D-1865-404A-A1D1-CCD6F4561D28}.Debug|x86.ActiveCfg = Debug|Win32
		{FE31061D-1865-404A-A1D1-CCD6F4561D28}.Debug|x86.Build.0 = Debug|Win32
		{FE31061D-1865-404A-A1D1-CCD6F4561D28}.Release|x64.ActiveCfg = Release|x64
		{FE31061D-1865-404A-A1D1-CCD6F4561D28}.Release|x64.Build.0 = Release|x64
		{FE31061D-1865-404A-A1D1-CCD6F4561D28}.Release|x86.ActiveCfg = Release|Win32
		{FE31061D-1865-404A-A1D1-CCD6F4561D28}.Release|x86.Build.0 = Release|Win32
	EndGlobalSection
	GlobalSection(SolutionProperties) = preSolution
		HideSolutionNode = FALSE
	EndGlobalSection
	GlobalSection(ExtensibilityGlobals) = postSolution
		SolutionGuid = {D38B2609-454A-4CB9-8A29-F5BFDFAAD3D0}
	EndGlobalSection
EndGlobal
